// !$*UTF8*$!
{
	archiveVersion = 1;
	classes = {
	};
	objectVersion = 50;
	objects = {

/* Begin PBXBuildFile section */
		7DFE482226F1C49B004B9731 /* AppDelegate.swift in Sources */ = {isa = PBXBuildFile; fileRef = 7DFE482126F1C49B004B9731 /* AppDelegate.swift */; };
		7DFE482426F1C49B004B9731 /* SceneDelegate.swift in Sources */ = {isa = PBXBuildFile; fileRef = 7DFE482326F1C49B004B9731 /* SceneDelegate.swift */; };
		7DFE482626F1C49B004B9731 /* ViewController.swift in Sources */ = {isa = PBXBuildFile; fileRef = 7DFE482526F1C49B004B9731 /* ViewController.swift */; };
		7DFE482926F1C49B004B9731 /* Main.storyboard in Resources */ = {isa = PBXBuildFile; fileRef = 7DFE482726F1C49B004B9731 /* Main.storyboard */; };
		7DFE482B26F1C49C004B9731 /* Assets.xcassets in Resources */ = {isa = PBXBuildFile; fileRef = 7DFE482A26F1C49C004B9731 /* Assets.xcassets */; };
		7DFE482E26F1C49C004B9731 /* LaunchScreen.storyboard in Resources */ = {isa = PBXBuildFile; fileRef = 7DFE482C26F1C49C004B9731 /* LaunchScreen.storyboard */; };
		7DFE483926F1C49D004B9731 /* CircularScrollImageViewTests.swift in Sources */ = {isa = PBXBuildFile; fileRef = 7DFE483826F1C49D004B9731 /* CircularScrollImageViewTests.swift */; };
		7DFE484426F1C49D004B9731 /* CircularScrollImageViewUITests.swift in Sources */ = {isa = PBXBuildFile; fileRef = 7DFE484326F1C49D004B9731 /* CircularScrollImageViewUITests.swift */; };
/* End PBXBuildFile section */

/* Begin PBXContainerItemProxy section */
		7DFE483526F1C49D004B9731 /* PBXContainerItemProxy */ = {
			isa = PBXContainerItemProxy;
			containerPortal = 7DFE481626F1C49B004B9731 /* Project object */;
			proxyType = 1;
			remoteGlobalIDString = 7DFE481D26F1C49B004B9731;
			remoteInfo = CircularScrollImageView;
		};
		7DFE484026F1C49D004B9731 /* PBXContainerItemProxy */ = {
			isa = PBXContainerItemProxy;
			containerPortal = 7DFE481626F1C49B004B9731 /* Project object */;
			proxyType = 1;
			remoteGlobalIDString = 7DFE481D26F1C49B004B9731;
			remoteInfo = CircularScrollImageView;
		};
/* End PBXContainerItemProxy section */

/* Begin PBXFileReference section */
		7DFE481E26F1C49B004B9731 /* CircularScrollImageView.app */ = {isa = PBXFileReference; explicitFileType = wrapper.application; includeInIndex = 0; path = CircularScrollImageView.app; sourceTree = BUILT_PRODUCTS_DIR; };
		7DFE482126F1C49B004B9731 /* AppDelegate.swift */ = {isa = PBXFileReference; lastKnownFileType = sourcecode.swift; path = AppDelegate.swift; sourceTree = "<group>"; };
		7DFE482326F1C49B004B9731 /* SceneDelegate.swift */ = {isa = PBXFileReference; lastKnownFileType = sourcecode.swift; path = SceneDelegate.swift; sourceTree = "<group>"; };
		7DFE482526F1C49B004B9731 /* ViewController.swift */ = {isa = PBXFileReference; lastKnownFileType = sourcecode.swift; path = ViewController.swift; sourceTree = "<group>"; };
		7DFE482826F1C49B004B9731 /* Base */ = {isa = PBXFileReference; lastKnownFileType = file.storyboard; name = Base; path = Base.lproj/Main.storyboard; sourceTree = "<group>"; };
		7DFE482A26F1C49C004B9731 /* Assets.xcassets */ = {isa = PBXFileReference; lastKnownFileType = folder.assetcatalog; path = Assets.xcassets; sourceTree = "<group>"; };
		7DFE482D26F1C49C004B9731 /* Base */ = {isa = PBXFileReference; lastKnownFileType = file.storyboard; name = Base; path = Base.lproj/LaunchScreen.storyboard; sourceTree = "<group>"; };
		7DFE482F26F1C49C004B9731 /* Info.plist */ = {isa = PBXFileReference; lastKnownFileType = text.plist.xml; path = Info.plist; sourceTree = "<group>"; };
		7DFE483426F1C49D004B9731 /* CircularScrollImageViewTests.xctest */ = {isa = PBXFileReference; explicitFileType = wrapper.cfbundle; includeInIndex = 0; path = CircularScrollImageViewTests.xctest; sourceTree = BUILT_PRODUCTS_DIR; };
		7DFE483826F1C49D004B9731 /* CircularScrollImageViewTests.swift */ = {isa = PBXFileReference; lastKnownFileType = sourcecode.swift; path = CircularScrollImageViewTests.swift; sourceTree = "<group>"; };
		7DFE483A26F1C49D004B9731 /* Info.plist */ = {isa = PBXFileReference; lastKnownFileType = text.plist.xml; path = Info.plist; sourceTree = "<group>"; };
		7DFE483F26F1C49D004B9731 /* CircularScrollImageViewUITests.xctest */ = {isa = PBXFileReference; explicitFileType = wrapper.cfbundle; includeInIndex = 0; path = CircularScrollImageViewUITests.xctest; sourceTree = BUILT_PRODUCTS_DIR; };
		7DFE484326F1C49D004B9731 /* CircularScrollImageViewUITests.swift */ = {isa = PBXFileReference; lastKnownFileType = sourcecode.swift; path = CircularScrollImageViewUITests.swift; sourceTree = "<group>"; };
		7DFE484526F1C49D004B9731 /* Info.plist */ = {isa = PBXFileReference; lastKnownFileType = text.plist.xml; path = Info.plist; sourceTree = "<group>"; };
/* End PBXFileReference section */

/* Begin PBXFrameworksBuildPhase section */
		7DFE481B26F1C49B004B9731 /* Frameworks */ = {
			isa = PBXFrameworksBuildPhase;
			buildActionMask = 2147483647;
			files = (
			);
			runOnlyForDeploymentPostprocessing = 0;
		};
		7DFE483126F1C49D004B9731 /* Frameworks */ = {
			isa = PBXFrameworksBuildPhase;
			buildActionMask = 2147483647;
			files = (
			);
			runOnlyForDeploymentPostprocessing = 0;
		};
		7DFE483C26F1C49D004B9731 /* Frameworks */ = {
			isa = PBXFrameworksBuildPhase;
			buildActionMask = 2147483647;
			files = (
			);
			runOnlyForDeploymentPostprocessing = 0;
		};
/* End PBXFrameworksBuildPhase section */

/* Begin PBXGroup section */
		7DFE481526F1C49B004B9731 = {
			isa = PBXGroup;
			children = (
				7DFE482026F1C49B004B9731 /* CircularScrollImageView */,
				7DFE483726F1C49D004B9731 /* CircularScrollImageViewTests */,
				7DFE484226F1C49D004B9731 /* CircularScrollImageViewUITests */,
				7DFE481F26F1C49B004B9731 /* Products */,
			);
			sourceTree = "<group>";
		};
		7DFE481F26F1C49B004B9731 /* Products */ = {
			isa = PBXGroup;
			children = (
				7DFE481E26F1C49B004B9731 /* CircularScrollImageView.app */,
				7DFE483426F1C49D004B9731 /* CircularScrollImageViewTests.xctest */,
				7DFE483F26F1C49D004B9731 /* CircularScrollImageViewUITests.xctest */,
			);
			name = Products;
			sourceTree = "<group>";
		};
		7DFE482026F1C49B004B9731 /* CircularScrollImageView */ = {
			isa = PBXGroup;
			children = (
				7DFE482126F1C49B004B9731 /* AppDelegate.swift */,
				7DFE482326F1C49B004B9731 /* SceneDelegate.swift */,
				7DFE482526F1C49B004B9731 /* ViewController.swift */,
				7DFE482726F1C49B004B9731 /* Main.storyboard */,
				7DFE482A26F1C49C004B9731 /* Assets.xcassets */,
				7DFE482C26F1C49C004B9731 /* LaunchScreen.storyboard */,
				7DFE482F26F1C49C004B9731 /* Info.plist */,
			);
			path = CircularScrollImageView;
			sourceTree = "<group>";
		};
		7DFE483726F1C49D004B9731 /* CircularScrollImageViewTests */ = {
			isa = PBXGroup;
			children = (
				7DFE483826F1C49D004B9731 /* CircularScrollImageViewTests.swift */,
				7DFE483A26F1C49D004B9731 /* Info.plist */,
			);
			path = CircularScrollImageViewTests;
			sourceTree = "<group>";
		};
		7DFE484226F1C49D004B9731 /* CircularScrollImageViewUITests */ = {
			isa = PBXGroup;
			children = (
				7DFE484326F1C49D004B9731 /* CircularScrollImageViewUITests.swift */,
				7DFE484526F1C49D004B9731 /* Info.plist */,
			);
			path = CircularScrollImageViewUITests;
			sourceTree = "<group>";
		};
/* End PBXGroup section */

/* Begin PBXNativeTarget section */
		7DFE481D26F1C49B004B9731 /* CircularScrollImageView */ = {
			isa = PBXNativeTarget;
			buildConfigurationList = 7DFE484826F1C49D004B9731 /* Build configuration list for PBXNativeTarget "CircularScrollImageView" */;
			buildPhases = (
				7DFE481A26F1C49B004B9731 /* Sources */,
				7DFE481B26F1C49B004B9731 /* Frameworks */,
				7DFE481C26F1C49B004B9731 /* Resources */,
			);
			buildRules = (
			);
			dependencies = (
			);
			name = CircularScrollImageView;
			productName = CircularScrollImageView;
			productReference = 7DFE481E26F1C49B004B9731 /* CircularScrollImageView.app */;
			productType = "com.apple.product-type.application";
		};
		7DFE483326F1C49D004B9731 /* CircularScrollImageViewTests */ = {
			isa = PBXNativeTarget;
			buildConfigurationList = 7DFE484B26F1C49D004B9731 /* Build configuration list for PBXNativeTarget "CircularScrollImageViewTests" */;
			buildPhases = (
				7DFE483026F1C49D004B9731 /* Sources */,
				7DFE483126F1C49D004B9731 /* Frameworks */,
				7DFE483226F1C49D004B9731 /* Resources */,
			);
			buildRules = (
			);
			dependencies = (
				7DFE483626F1C49D004B9731 /* PBXTargetDependency */,
			);
			name = CircularScrollImageViewTests;
			productName = CircularScrollImageViewTests;
			productReference = 7DFE483426F1C49D004B9731 /* CircularScrollImageViewTests.xctest */;
			productType = "com.apple.product-type.bundle.unit-test";
		};
		7DFE483E26F1C49D004B9731 /* CircularScrollImageViewUITests */ = {
			isa = PBXNativeTarget;
			buildConfigurationList = 7DFE484E26F1C49D004B9731 /* Build configuration list for PBXNativeTarget "CircularScrollImageViewUITests" */;
			buildPhases = (
				7DFE483B26F1C49D004B9731 /* Sources */,
				7DFE483C26F1C49D004B9731 /* Frameworks */,
				7DFE483D26F1C49D004B9731 /* Resources */,
			);
			buildRules = (
			);
			dependencies = (
				7DFE484126F1C49D004B9731 /* PBXTargetDependency */,
			);
			name = CircularScrollImageViewUITests;
			productName = CircularScrollImageViewUITests;
			productReference = 7DFE483F26F1C49D004B9731 /* CircularScrollImageViewUITests.xctest */;
			productType = "com.apple.product-type.bundle.ui-testing";
		};
/* End PBXNativeTarget section */

/* Begin PBXProject section */
		7DFE481626F1C49B004B9731 /* Project object */ = {
			isa = PBXProject;
			attributes = {
				LastSwiftUpdateCheck = 1250;
				LastUpgradeCheck = 1250;
				TargetAttributes = {
					7DFE481D26F1C49B004B9731 = {
						CreatedOnToolsVersion = 12.5;
					};
					7DFE483326F1C49D004B9731 = {
						CreatedOnToolsVersion = 12.5;
						TestTargetID = 7DFE481D26F1C49B004B9731;
					};
					7DFE483E26F1C49D004B9731 = {
						CreatedOnToolsVersion = 12.5;
						TestTargetID = 7DFE481D26F1C49B004B9731;
					};
				};
			};
			buildConfigurationList = 7DFE481926F1C49B004B9731 /* Build configuration list for PBXProject "CircularScrollImageView" */;
			compatibilityVersion = "Xcode 9.3";
			developmentRegion = en;
			hasScannedForEncodings = 0;
			knownRegions = (
				en,
				Base,
			);
			mainGroup = 7DFE481526F1C49B004B9731;
			productRefGroup = 7DFE481F26F1C49B004B9731 /* Products */;
			projectDirPath = "";
			projectRoot = "";
			targets = (
				7DFE481D26F1C49B004B9731 /* CircularScrollImageView */,
				7DFE483326F1C49D004B9731 /* CircularScrollImageViewTests */,
				7DFE483E26F1C49D004B9731 /* CircularScrollImageViewUITests */,
			);
		};
/* End PBXProject section */

/* Begin PBXResourcesBuildPhase section */
		7DFE481C26F1C49B004B9731 /* Resources */ = {
			isa = PBXResourcesBuildPhase;
			buildActionMask = 2147483647;
			files = (
				7DFE482E26F1C49C004B9731 /* LaunchScreen.storyboard in Resources */,
				7DFE482B26F1C49C004B9731 /* Assets.xcassets in Resources */,
				7DFE482926F1C49B004B9731 /* Main.storyboard in Resources */,
			);
			runOnlyForDeploymentPostprocessing = 0;
		};
		7DFE483226F1C49D004B9731 /* Resources */ = {
			isa = PBXResourcesBuildPhase;
			buildActionMask = 2147483647;
			files = (
			);
			runOnlyForDeploymentPostprocessing = 0;
		};
		7DFE483D26F1C49D004B9731 /* Resources */ = {
			isa = PBXResourcesBuildPhase;
			buildActionMask = 2147483647;
			files = (
			);
			runOnlyForDeploymentPostprocessing = 0;
		};
/* End PBXResourcesBuildPhase section */

/* Begin PBXSourcesBuildPhase section */
		7DFE481A26F1C49B004B9731 /* Sources */ = {
			isa = PBXSourcesBuildPhase;
			buildActionMask = 2147483647;
			files = (
				7DFE482626F1C49B004B9731 /* ViewController.swift in Sources */,
				7DFE482226F1C49B004B9731 /* AppDelegate.swift in Sources */,
				7DFE482426F1C49B004B9731 /* SceneDelegate.swift in Sources */,
			);
			runOnlyForDeploymentPostprocessing = 0;
		};
		7DFE483026F1C49D004B9731 /* Sources */ = {
			isa = PBXSourcesBuildPhase;
			buildActionMask = 2147483647;
			files = (
				7DFE483926F1C49D004B9731 /* CircularScrollImageViewTests.swift in Sources */,
			);
			runOnlyForDeploymentPostprocessing = 0;
		};
		7DFE483B26F1C49D004B9731 /* Sources */ = {
			isa = PBXSourcesBuildPhase;
			buildActionMask = 2147483647;
			files = (
				7DFE484426F1C49D004B9731 /* CircularScrollImageViewUITests.swift in Sources */,
			);
			runOnlyForDeploymentPostprocessing = 0;
		};
/* End PBXSourcesBuildPhase section */

/* Begin PBXTargetDependency section */
		7DFE483626F1C49D004B9731 /* PBXTargetDependency */ = {
			isa = PBXTargetDependency;
			target = 7DFE481D26F1C49B004B9731 /* CircularScrollImageView */;
			targetProxy = 7DFE483526F1C49D004B9731 /* PBXContainerItemProxy */;
		};
		7DFE484126F1C49D004B9731 /* PBXTargetDependency */ = {
			isa = PBXTargetDependency;
			target = 7DFE481D26F1C49B004B9731 /* CircularScrollImageView */;
			targetProxy = 7DFE484026F1C49D004B9731 /* PBXContainerItemProxy */;
		};
/* End PBXTargetDependency section */

/* Begin PBXVariantGroup section */
		7DFE482726F1C49B004B9731 /* Main.storyboard */ = {
			isa = PBXVariantGroup;
			children = (
				7DFE482826F1C49B004B9731 /* Base */,
			);
			name = Main.storyboard;
			sourceTree = "<group>";
		};
		7DFE482C26F1C49C004B9731 /* LaunchScreen.storyboard */ = {
			isa = PBXVariantGroup;
			children = (
				7DFE482D26F1C49C004B9731 /* Base */,
			);
			name = LaunchScreen.storyboard;
			sourceTree = "<group>";
		};
/* End PBXVariantGroup section */

/* Begin XCBuildConfiguration section */
		7DFE484626F1C49D004B9731 /* Debug */ = {
			isa = XCBuildConfiguration;
			buildSettings = {
				ALWAYS_SEARCH_USER_PATHS = NO;
				CLANG_ANALYZER_NONNULL = YES;
				CLANG_ANALYZER_NUMBER_OBJECT_CONVERSION = YES_AGGRESSIVE;
				CLANG_CXX_LANGUAGE_STANDARD = "gnu++14";
				CLANG_CXX_LIBRARY = "libc++";
				CLANG_ENABLE_MODULES = YES;
				CLANG_ENABLE_OBJC_ARC = YES;
				CLANG_ENABLE_OBJC_WEAK = YES;
				CLANG_WARN_BLOCK_CAPTURE_AUTORELEASING = YES;
				CLANG_WARN_BOOL_CONVERSION = YES;
				CLANG_WARN_COMMA = YES;
				CLANG_WARN_CONSTANT_CONVERSION = YES;
				CLANG_WARN_DEPRECATED_OBJC_IMPLEMENTATIONS = YES;
				CLANG_WARN_DIRECT_OBJC_ISA_USAGE = YES_ERROR;
				CLANG_WARN_DOCUMENTATION_COMMENTS = YES;
				CLANG_WARN_EMPTY_BODY = YES;
				CLANG_WARN_ENUM_CONVERSION = YES;
				CLANG_WARN_INFINITE_RECURSION = YES;
				CLANG_WARN_INT_CONVERSION = YES;
				CLANG_WARN_NON_LITERAL_NULL_CONVERSION = YES;
				CLANG_WARN_OBJC_IMPLICIT_RETAIN_SELF = YES;
				CLANG_WARN_OBJC_LITERAL_CONVERSION = YES;
				CLANG_WARN_OBJC_ROOT_CLASS = YES_ERROR;
				CLANG_WARN_QUOTED_INCLUDE_IN_FRAMEWORK_HEADER = YES;
				CLANG_WARN_RANGE_LOOP_ANALYSIS = YES;
				CLANG_WARN_STRICT_PROTOTYPES = YES;
				CLANG_WARN_SUSPICIOUS_MOVE = YES;
				CLANG_WARN_UNGUARDED_AVAILABILITY = YES_AGGRESSIVE;
				CLANG_WARN_UNREACHABLE_CODE = YES;
				CLANG_WARN__DUPLICATE_METHOD_MATCH = YES;
				COPY_PHASE_STRIP = NO;
				DEBUG_INFORMATION_FORMAT = dwarf;
				ENABLE_STRICT_OBJC_MSGSEND = YES;
				ENABLE_TESTABILITY = YES;
				GCC_C_LANGUAGE_STANDARD = gnu11;
				GCC_DYNAMIC_NO_PIC = NO;
				GCC_NO_COMMON_BLOCKS = YES;
				GCC_OPTIMIZATION_LEVEL = 0;
				GCC_PREPROCESSOR_DEFINITIONS = (
					"DEBUG=1",
					"$(inherited)",
				);
				GCC_WARN_64_TO_32_BIT_CONVERSION = YES;
				GCC_WARN_ABOUT_RETURN_TYPE = YES_ERROR;
				GCC_WARN_UNDECLARED_SELECTOR = YES;
				GCC_WARN_UNINITIALIZED_AUTOS = YES_AGGRESSIVE;
				GCC_WARN_UNUSED_FUNCTION = YES;
				GCC_WARN_UNUSED_VARIABLE = YES;
				IPHONEOS_DEPLOYMENT_TARGET = 14.5;
				MTL_ENABLE_DEBUG_INFO = INCLUDE_SOURCE;
				MTL_FAST_MATH = YES;
				ONLY_ACTIVE_ARCH = YES;
				SDKROOT = iphoneos;
				SWIFT_ACTIVE_COMPILATION_CONDITIONS = DEBUG;
				SWIFT_OPTIMIZATION_LEVEL = "-Onone";
			};
			name = Debug;
		};
		7DFE484726F1C49D004B9731 /* Release */ = {
			isa = XCBuildConfiguration;
			buildSettings = {
				ALWAYS_SEARCH_USER_PATHS = NO;
				CLANG_ANALYZER_NONNULL = YES;
				CLANG_ANALYZER_NUMBER_OBJECT_CONVERSION = YES_AGGRESSIVE;
				CLANG_CXX_LANGUAGE_STANDARD = "gnu++14";
				CLANG_CXX_LIBRARY = "libc++";
				CLANG_ENABLE_MODULES = YES;
				CLANG_ENABLE_OBJC_ARC = YES;
				CLANG_ENABLE_OBJC_WEAK = YES;
				CLANG_WARN_BLOCK_CAPTURE_AUTORELEASING = YES;
				CLANG_WARN_BOOL_CONVERSION = YES;
				CLANG_WARN_COMMA = YES;
				CLANG_WARN_CONSTANT_CONVERSION = YES;
				CLANG_WARN_DEPRECATED_OBJC_IMPLEMENTATIONS = YES;
				CLANG_WARN_DIRECT_OBJC_ISA_USAGE = YES_ERROR;
				CLANG_WARN_DOCUMENTATION_COMMENTS = YES;
				CLANG_WARN_EMPTY_BODY = YES;
				CLANG_WARN_ENUM_CONVERSION = YES;
				CLANG_WARN_INFINITE_RECURSION = YES;
				CLANG_WARN_INT_CONVERSION = YES;
				CLANG_WARN_NON_LITERAL_NULL_CONVERSION = YES;
				CLANG_WARN_OBJC_IMPLICIT_RETAIN_SELF = YES;
				CLANG_WARN_OBJC_LITERAL_CONVERSION = YES;
				CLANG_WARN_OBJC_ROOT_CLASS = YES_ERROR;
				CLANG_WARN_QUOTED_INCLUDE_IN_FRAMEWORK_HEADER = YES;
				CLANG_WARN_RANGE_LOOP_ANALYSIS = YES;
				CLANG_WARN_STRICT_PROTOTYPES = YES;
				CLANG_WARN_SUSPICIOUS_MOVE = YES;
				CLANG_WARN_UNGUARDED_AVAILABILITY = YES_AGGRESSIVE;
				CLANG_WARN_UNREACHABLE_CODE = YES;
				CLANG_WARN__DUPLICATE_METHOD_MATCH = YES;
				COPY_PHASE_STRIP = NO;
				DEBUG_INFORMATION_FORMAT = "dwarf-with-dsym";
				ENABLE_NS_ASSERTIONS = NO;
				ENABLE_STRICT_OBJC_MSGSEND = YES;
				GCC_C_LANGUAGE_STANDARD = gnu11;
				GCC_NO_COMMON_BLOCKS = YES;
				GCC_WARN_64_TO_32_BIT_CONVERSION = YES;
				GCC_WARN_ABOUT_RETURN_TYPE = YES_ERROR;
				GCC_WARN_UNDECLARED_SELECTOR = YES;
				GCC_WARN_UNINITIALIZED_AUTOS = YES_AGGRESSIVE;
				GCC_WARN_UNUSED_FUNCTION = YES;
				GCC_WARN_UNUSED_VARIABLE = YES;
				IPHONEOS_DEPLOYMENT_TARGET = 14.5;
				MTL_ENABLE_DEBUG_INFO = NO;
				MTL_FAST_MATH = YES;
				SDKROOT = iphoneos;
				SWIFT_COMPILATION_MODE = wholemodule;
				SWIFT_OPTIMIZATION_LEVEL = "-O";
				VALIDATE_PRODUCT = YES;
			};
			name = Release;
		};
		7DFE484926F1C49D004B9731 /* Debug */ = {
			isa = XCBuildConfiguration;
			buildSettings = {
				ASSETCATALOG_COMPILER_APPICON_NAME = AppIcon;
				ASSETCATALOG_COMPILER_GLOBAL_ACCENT_COLOR_NAME = AccentColor;
				CODE_SIGN_STYLE = Automatic;
				INFOPLIST_FILE = CircularScrollImageView/Info.plist;
				LD_RUNPATH_SEARCH_PATHS = (
					"$(inherited)",
					"@executable_path/Frameworks",
				);
				PRODUCT_BUNDLE_IDENTIFIER = com.james.CircularScrollImageView;
				PRODUCT_NAME = "$(TARGET_NAME)";
				SWIFT_VERSION = 5.0;
				TARGETED_DEVICE_FAMILY = "1,2";
			};
			name = Debug;
		};
		7DFE484A26F1C49D004B9731 /* Release */ = {
			isa = XCBuildConfiguration;
			buildSettings = {
				ASSETCATALOG_COMPILER_APPICON_NAME = AppIcon;
				ASSETCATALOG_COMPILER_GLOBAL_ACCENT_COLOR_NAME = AccentColor;
				CODE_SIGN_STYLE = Automatic;
				INFOPLIST_FILE = CircularScrollImageView/Info.plist;
				LD_RUNPATH_SEARCH_PATHS = (
					"$(inherited)",
					"@executable_path/Frameworks",
				);
				PRODUCT_BUNDLE_IDENTIFIER = com.james.CircularScrollImageView;
				PRODUCT_NAME = "$(TARGET_NAME)";
				SWIFT_VERSION = 5.0;
				TARGETED_DEVICE_FAMILY = "1,2";
			};
			name = Release;
		};
		7DFE484C26F1C49D004B9731 /* Debug */ = {
			isa = XCBuildConfiguration;
			buildSettings = {
				ALWAYS_EMBED_SWIFT_STANDARD_LIBRARIES = YES;
				BUNDLE_LOADER = "$(TEST_HOST)";
				CODE_SIGN_STYLE = Automatic;
				INFOPLIST_FILE = CircularScrollImageViewTests/Info.plist;
				IPHONEOS_DEPLOYMENT_TARGET = 14.5;
				LD_RUNPATH_SEARCH_PATHS = (
					"$(inherited)",
					"@executable_path/Frameworks",
					"@loader_path/Frameworks",
				);
				PRODUCT_BUNDLE_IDENTIFIER = com.james.CircularScrollImageViewTests;
				PRODUCT_NAME = "$(TARGET_NAME)";
				SWIFT_VERSION = 5.0;
				TARGETED_DEVICE_FAMILY = "1,2";
				TEST_HOST = "$(BUILT_PRODUCTS_DIR)/CircularScrollImageView.app/CircularScrollImageView";
			};
			name = Debug;
		};
		7DFE484D26F1C49D004B9731 /* Release */ = {
			isa = XCBuildConfiguration;
			buildSettings = {
				ALWAYS_EMBED_SWIFT_STANDARD_LIBRARIES = YES;
				BUNDLE_LOADER = "$(TEST_HOST)";
				CODE_SIGN_STYLE = Automatic;
				INFOPLIST_FILE = CircularScrollImageViewTests/Info.plist;
				IPHONEOS_DEPLOYMENT_TARGET = 14.5;
				LD_RUNPATH_SEARCH_PATHS = (
					"$(inherited)",
					"@executable_path/Frameworks",
					"@loader_path/Frameworks",
				);
				PRODUCT_BUNDLE_IDENTIFIER = com.james.CircularScrollImageViewTests;
				PRODUCT_NAME = "$(TARGET_NAME)";
				SWIFT_VERSION = 5.0;
				TARGETED_DEVICE_FAMILY = "1,2";
				TEST_HOST = "$(BUILT_PRODUCTS_DIR)/CircularScrollImageView.app/CircularScrollImageView";
			};
			name = Release;
		};
		7DFE484F26F1C49D004B9731 /* Debug */ = {
			isa = XCBuildConfiguration;
			buildSettings = {
				ALWAYS_EMBED_SWIFT_STANDARD_LIBRARIES = YES;
				CODE_SIGN_STYLE = Automatic;
				INFOPLIST_FILE = CircularScrollImageViewUITests/Info.plist;
				LD_RUNPATH_SEARCH_PATHS = (
					"$(inherited)",
					"@executable_path/Frameworks",
					"@loader_path/Frameworks",
				);
				PRODUCT_BUNDLE_IDENTIFIER = com.james.CircularScrollImageViewUITests;
				PRODUCT_NAME = "$(TARGET_NAME)";
				SWIFT_VERSION = 5.0;
				TARGETED_DEVICE_FAMILY = "1,2";
				TEST_TARGET_NAME = CircularScrollImageView;
			};
			name = Debug;
		};
		7DFE485026F1C49D004B9731 /* Release */ = {
			isa = XCBuildConfiguration;
			buildSettings = {
				ALWAYS_EMBED_SWIFT_STANDARD_LIBRARIES = YES;
				CODE_SIGN_STYLE = Automatic;
				INFOPLIST_FILE = CircularScrollImageViewUITests/Info.plist;
				LD_RUNPATH_SEARCH_PATHS = (
					"$(inherited)",
					"@executable_path/Frameworks",
					"@loader_path/Frameworks",
				);
				PRODUCT_BUNDLE_IDENTIFIER = com.james.CircularScrollImageViewUITests;
				PRODUCT_NAME = "$(TARGET_NAME)";
				SWIFT_VERSION = 5.0;
				TARGETED_DEVICE_FAMILY = "1,2";
				TEST_TARGET_NAME = CircularScrollImageView;
			};
			name = Release;
		};
/* End XCBuildConfiguration section */

/* Begin XCConfigurationList section */
		7DFE481926F1C49B004B9731 /* Build configuration list for PBXProject "CircularScrollImageView" */ = {
			isa = XCConfigurationList;
			buildConfigurations = (
				7DFE484626F1C49D004B9731 /* Debug */,
				7DFE484726F1C49D004B9731 /* Release */,
			);
			defaultConfigurationIsVisible = 0;
			defaultConfigurationName = Release;
		};
		7DFE484826F1C49D004B9731 /* Build configuration list for PBXNativeTarget "CircularScrollImageView" */ = {
			isa = XCConfigurationList;
			buildConfigurations = (
				7DFE484926F1C49D004B9731 /* Debug */,
				7DFE484A26F1C49D004B9731 /* Release */,
			);
			defaultConfigurationIsVisible = 0;
			defaultConfigurationName = Release;
		};
		7DFE484B26F1C49D004B9731 /* Build configuration list for PBXNativeTarget "CircularScrollImageViewTests" */ = {
			isa = XCConfigurationList;
			buildConfigurations = (
				7DFE484C26F1C49D004B9731 /* Debug */,
				7DFE484D26F1C49D004B9731 /* Release */,
			);
			defaultConfigurationIsVisible = 0;
			defaultConfigurationName = Release;
		};
		7DFE484E26F1C49D004B9731 /* Build configuration list for PBXNativeTarget "CircularScrollImageViewUITests" */ = {
			isa = XCConfigurationList;
			buildConfigurations = (
				7DFE484F26F1C49D004B9731 /* Debug */,
				7DFE485026F1C49D004B9731 /* Release */,
			);
			defaultConfigurationIsVisible = 0;
			defaultConfigurationName = Release;
		};
/* End XCConfigurationList section */
	};
	rootObject = 7DFE481626F1C49B004B9731 /* Project object */;
}
